
Microsoft Visual Studio Solution File, Format Version 12.00
# Visual Studio Version 16
VisualStudioVersion = 16.0.30621.155
MinimumVisualStudioVersion = 10.0.40219.1
Project("{FAE04EC0-301F-11D3-BF4B-00C04F79EFBC}") = "CinemaProject", "CinemaProject\CinemaProject.csproj", "{99622EAA-5A57-4E96-AF2E-01B0AEDA51CA}"
EndProject
Global
	GlobalSection(SolutionConfigurationPlatforms) = preSolution
		Debug|Any CPU = Debug|Any CPU
		Release|Any CPU = Release|Any CPU
	EndGlobalSection
	GlobalSection(ProjectConfigurationPlatforms) = postSolution
		{99622EAA-5A57-4E96-AF2E-01B0AEDA51CA}.Debug|Any CPU.ActiveCfg = Debug|Any CPU
		{99622EAA-5A57-4E96-AF2E-01B0AEDA51CA}.Debug|Any CPU.Build.0 = Debug|Any CPU
		{99622EAA-5A57-4E96-AF2E-01B0AEDA51CA}.Release|Any CPU.ActiveCfg = Release|Any CPU
		{99622EAA-5A57-4E96-AF2E-01B0AEDA51CA}.Release|Any CPU.Build.0 = Release|Any CPU
	EndGlobalSection
	GlobalSection(SolutionProperties) = preSolution
		HideSolutionNode = FALSE
	EndGlobalSection
	GlobalSection(ExtensibilityGlobals) = postSolution
		SolutionGuid = {519BE5A7-802D-4E30-B8E1-C63BE0B772FA}
	EndGlobalSection
EndGlobal
